
Microsoft Visual Studio Solution File, Format Version 12.00
# Visual Studio Version 17
VisualStudioVersion = 17.5.002.0
MinimumVisualStudioVersion = 10.0.40219.1
Project("{9A19103F-16F7-4668-BE54-9A1E7A4F7556}") = "Lab05_Ex01", "Lab05_Ex01\Lab05_Ex01.csproj", "{5F637666-43A3-4013-AB9A-5C6E3976BDAC}"
EndProject
Global
	GlobalSection(SolutionConfigurationPlatforms) = preSolution
		Debug|Any CPU = Debug|Any CPU
		Release|Any CPU = Release|Any CPU
	EndGlobalSection
	GlobalSection(ProjectConfigurationPlatforms) = postSolution
		{5F637666-43A3-4013-AB9A-5C6E3976BDAC}.Debug|Any CPU.ActiveCfg = Debug|Any CPU
		{5F637666-43A3-4013-AB9A-5C6E3976BDAC}.Debug|Any CPU.Build.0 = Debug|Any CPU
		{5F637666-43A3-4013-AB9A-5C6E3976BDAC}.Release|Any CPU.ActiveCfg = Release|Any CPU
		{5F637666-43A3-4013-AB9A-5C6E3976BDAC}.Release|Any CPU.Build.0 = Release|Any CPU
	EndGlobalSection
	GlobalSection(SolutionProperties) = preSolution
		HideSolutionNode = FALSE
	EndGlobalSection
	GlobalSection(ExtensibilityGlobals) = postSolution
		SolutionGuid = {42529084-4C6C-4DFF-A822-28770FB87BE5}
	EndGlobalSection
EndGlobal
