
Microsoft Visual Studio Solution File, Format Version 12.00
# Visual Studio Version 17
VisualStudioVersion = 17.5.002.0
MinimumVisualStudioVersion = 10.0.40219.1
Project("{2150E333-8FDC-42A3-9474-1A3956D46DE8}") = "9999", "9999", "{D74011CF-14B1-4EE3-8201-F7A7A783F3CE}"
EndProject
Project("{9A19103F-16F7-4668-BE54-9A1E7A4F7556}") = "Lab05-ex1", "9999\Lab05-ex1\Lab05-ex1.csproj", "{B84710A8-796E-4D1E-845A-1C07C3F4B13F}"
EndProject
Project("{9A19103F-16F7-4668-BE54-9A1E7A4F7556}") = "Lab05_Ex01", "9999\Lab05_Ex01\Lab05_Ex01.csproj", "{BCFCC06B-A50A-46E0-A9CB-1687F39F20BB}"
EndProject
Project("{9A19103F-16F7-4668-BE54-9A1E7A4F7556}") = "Lab05_Ex02", "9999\Lab05_Ex02\Lab05_Ex02.csproj", "{70D70B36-B1E0-4BBE-8CBD-1F7BD29EC16F}"
EndProject
Project("{9A19103F-16F7-4668-BE54-9A1E7A4F7556}") = "Lab05_Ex03", "9999\Lab05_Ex03\Lab05_Ex03.csproj", "{8DADECC4-DFA5-46CB-9850-AEDDD9FB6E9D}"
EndProject
Project("{9A19103F-16F7-4668-BE54-9A1E7A4F7556}") = "Lab05_Ex04", "9999\Lab05_Ex04\Lab05_Ex04.csproj", "{349E61BA-9963-4239-89B8-663E83DC159F}"
EndProject
Project("{9A19103F-16F7-4668-BE54-9A1E7A4F7556}") = "Lab05_Ex05", "9999\Lab05_Ex05\Lab05_Ex05.csproj", "{28A437A8-322D-4B69-93FD-8467990A6C44}"
EndProject
Global
	GlobalSection(SolutionConfigurationPlatforms) = preSolution
		Debug|Any CPU = Debug|Any CPU
		Release|Any CPU = Release|Any CPU
	EndGlobalSection
	GlobalSection(ProjectConfigurationPlatforms) = postSolution
		{B84710A8-796E-4D1E-845A-1C07C3F4B13F}.Debug|Any CPU.ActiveCfg = Debug|Any CPU
		{B84710A8-796E-4D1E-845A-1C07C3F4B13F}.Debug|Any CPU.Build.0 = Debug|Any CPU
		{B84710A8-796E-4D1E-845A-1C07C3F4B13F}.Release|Any CPU.ActiveCfg = Release|Any CPU
		{B84710A8-796E-4D1E-845A-1C07C3F4B13F}.Release|Any CPU.Build.0 = Release|Any CPU
		{BCFCC06B-A50A-46E0-A9CB-1687F39F20BB}.Debug|Any CPU.ActiveCfg = Debug|Any CPU
		{BCFCC06B-A50A-46E0-A9CB-1687F39F20BB}.Debug|Any CPU.Build.0 = Debug|Any CPU
		{BCFCC06B-A50A-46E0-A9CB-1687F39F20BB}.Release|Any CPU.ActiveCfg = Release|Any CPU
		{BCFCC06B-A50A-46E0-A9CB-1687F39F20BB}.Release|Any CPU.Build.0 = Release|Any CPU
		{70D70B36-B1E0-4BBE-8CBD-1F7BD29EC16F}.Debug|Any CPU.ActiveCfg = Debug|Any CPU
		{70D70B36-B1E0-4BBE-8CBD-1F7BD29EC16F}.Debug|Any CPU.Build.0 = Debug|Any CPU
		{70D70B36-B1E0-4BBE-8CBD-1F7BD29EC16F}.Release|Any CPU.ActiveCfg = Release|Any CPU
		{70D70B36-B1E0-4BBE-8CBD-1F7BD29EC16F}.Release|Any CPU.Build.0 = Release|Any CPU
		{8DADECC4-DFA5-46CB-9850-AEDDD9FB6E9D}.Debug|Any CPU.ActiveCfg = Debug|Any CPU
		{8DADECC4-DFA5-46CB-9850-AEDDD9FB6E9D}.Debug|Any CPU.Build.0 = Debug|Any CPU
		{8DADECC4-DFA5-46CB-9850-AEDDD9FB6E9D}.Release|Any CPU.ActiveCfg = Release|Any CPU
		{8DADECC4-DFA5-46CB-9850-AEDDD9FB6E9D}.Release|Any CPU.Build.0 = Release|Any CPU
		{349E61BA-9963-4239-89B8-663E83DC159F}.Debug|Any CPU.ActiveCfg = Debug|Any CPU
		{349E61BA-9963-4239-89B8-663E83DC159F}.Debug|Any CPU.Build.0 = Debug|Any CPU
		{349E61BA-9963-4239-89B8-663E83DC159F}.Release|Any CPU.ActiveCfg = Release|Any CPU
		{349E61BA-9963-4239-89B8-663E83DC159F}.Release|Any CPU.Build.0 = Release|Any CPU
		{28A437A8-322D-4B69-93FD-8467990A6C44}.Debug|Any CPU.ActiveCfg = Debug|Any CPU
		{28A437A8-322D-4B69-93FD-8467990A6C44}.Debug|Any CPU.Build.0 = Debug|Any CPU
		{28A437A8-322D-4B69-93FD-8467990A6C44}.Release|Any CPU.ActiveCfg = Release|Any CPU
		{28A437A8-322D-4B69-93FD-8467990A6C44}.Release|Any CPU.Build.0 = Release|Any CPU
	EndGlobalSection
	GlobalSection(SolutionProperties) = preSolution
		HideSolutionNode = FALSE
	EndGlobalSection
	GlobalSection(NestedProjects) = preSolution
		{B84710A8-796E-4D1E-845A-1C07C3F4B13F} = {D74011CF-14B1-4EE3-8201-F7A7A783F3CE}
		{BCFCC06B-A50A-46E0-A9CB-1687F39F20BB} = {D74011CF-14B1-4EE3-8201-F7A7A783F3CE}
		{70D70B36-B1E0-4BBE-8CBD-1F7BD29EC16F} = {D74011CF-14B1-4EE3-8201-F7A7A783F3CE}
		{8DADECC4-DFA5-46CB-9850-AEDDD9FB6E9D} = {D74011CF-14B1-4EE3-8201-F7A7A783F3CE}
		{349E61BA-9963-4239-89B8-663E83DC159F} = {D74011CF-14B1-4EE3-8201-F7A7A783F3CE}
		{28A437A8-322D-4B69-93FD-8467990A6C44} = {D74011CF-14B1-4EE3-8201-F7A7A783F3CE}
	EndGlobalSection
	GlobalSection(ExtensibilityGlobals) = postSolution
		SolutionGuid = {65F86907-E495-4B81-AF12-E6C46615E82A}
	EndGlobalSection
EndGlobal
